
Microsoft Visual Studio Solution File, Format Version 12.00
# Visual Studio Version 17
VisualStudioVersion = 17.5.002.0
MinimumVisualStudioVersion = 10.0.40219.1
Project("{9A19103F-16F7-4668-BE54-9A1E7A4F7556}") = "CrediMovilLima", "CrediMovilLima.csproj", "{5032E323-7554-4B24-9FB9-8FBE911B71FB}"
EndProject
Global
	GlobalSection(SolutionConfigurationPlatforms) = preSolution
		Debug|Any CPU = Debug|Any CPU
		Release|Any CPU = Release|Any CPU
	EndGlobalSection
	GlobalSection(ProjectConfigurationPlatforms) = postSolution
		{5032E323-7554-4B24-9FB9-8FBE911B71FB}.Debug|Any CPU.ActiveCfg = Debug|Any CPU
		{5032E323-7554-4B24-9FB9-8FBE911B71FB}.Debug|Any CPU.Build.0 = Debug|Any CPU
		{5032E323-7554-4B24-9FB9-8FBE911B71FB}.Release|Any CPU.ActiveCfg = Release|Any CPU
		{5032E323-7554-4B24-9FB9-8FBE911B71FB}.Release|Any CPU.Build.0 = Release|Any CPU
	EndGlobalSection
	GlobalSection(SolutionProperties) = preSolution
		HideSolutionNode = FALSE
	EndGlobalSection
	GlobalSection(ExtensibilityGlobals) = postSolution
		SolutionGuid = {9446672F-C170-4792-A772-035DC5CCED6A}
	EndGlobalSection
EndGlobal
